{
    "name": "test",
    "version": "1.0.1",
    "lockfileVersion": 2,
    "requires": true,
    "packages": {
        "": {
            "name": "test",
            "version": "1.0.1",
            "dependencies": {
                "imask": "^6.4.2",
                "inputmask": "^5.0.8-beta.17"
            }
        },
        "node_modules/imask": {
            "version": "6.4.2",
            "resolved": "https://registry.npmjs.org/imask/-/imask-6.4.2.tgz",
            "integrity": "sha512-xvEgbTdk6y2dW2UAysq0NRPmO6PuaXM5NHIt4TXEJEwXUHj26M0p/fXqyrSJdNXFaGVOtqYjPRnNdrjQQhDuuA==",
            "engines": {
                "npm": ">=4.0.0"
            }
        },
        "node_modules/inputmask": {
            "version": "5.0.8-beta.17",
            "resolved": "https://registry.npmjs.org/inputmask/-/inputmask-5.0.8-beta.17.tgz",
            "integrity": "sha512-7WnTpc63xjTnbGEy62IBnTy532L2jWb4obtxJW/lPJPJAupuvgPvGIiHi5Asu9d6IB+crs94POr+lD3DVBm/2Q=="
        }
    },
    "dependencies": {
        "imask": {
            "version": "6.4.2",
            "resolved": "https://registry.npmjs.org/imask/-/imask-6.4.2.tgz",
            "integrity": "sha512-xvEgbTdk6y2dW2UAysq0NRPmO6PuaXM5NHIt4TXEJEwXUHj26M0p/fXqyrSJdNXFaGVOtqYjPRnNdrjQQhDuuA=="
        },
        "inputmask": {
            "version": "5.0.8-beta.17",
            "resolved": "https://registry.npmjs.org/inputmask/-/inputmask-5.0.8-beta.17.tgz",
            "integrity": "sha512-7WnTpc63xjTnbGEy62IBnTy532L2jWb4obtxJW/lPJPJAupuvgPvGIiHi5Asu9d6IB+crs94POr+lD3DVBm/2Q=="
        }
    }
}
